// !$*UTF8*$!
{
	archiveVersion = 1;
	classes = {
	};
	objectVersion = 77;
	objects = {

/* Begin PBXBuildFile section */
		4C41474F4F4E000000000012 /* LagoonEngine in Frameworks */ = {isa = PBXBuildFile; productRef = 4C41474F4F4E000000000011 /* LagoonEngine */; };
		4C41474F4F4E000000000022 /* ContentProvider.swift in Sources */ = {isa = PBXBuildFile; fileRef = 4C41474F4F4E000000000021 /* ContentProvider.swift */; };
		4C41474F4F4E000000000023 /* LagoonTopShelf.appex in Embed Foundation Extensions */ = {isa = PBXBuildFile; fileRef = 4C41474F4F4E000000000024 /* LagoonTopShelf.appex */; platformFilters = (tvos, ); settings = {ATTRIBUTES = (RemoveHeadersOnCopy, ); }; };
		4C41474F4F4E000000000072 /* PrivacyInfo.xcprivacy in Resources */ = {isa = PBXBuildFile; fileRef = 4C41474F4F4E000000000071 /* PrivacyInfo.xcprivacy */; };
/* End PBXBuildFile section */

/* Begin PBXContainerItemProxy section */
		4C41474F4F4E00000000002C /* PBXContainerItemProxy */ = {
			isa = PBXContainerItemProxy;
			containerPortal = 4C41474F4F4E000000000001 /* Project object */;
			proxyType = 1;
			remoteGlobalIDString = 4C41474F4F4E000000000020;
			remoteInfo = LagoonTopShelf;
		};
		4C41474F4F4E000000000036 /* PBXContainerItemProxy */ = {
			isa = PBXContainerItemProxy;
			containerPortal = 4C41474F4F4E000000000001 /* Project object */;
			proxyType = 1;
			remoteGlobalIDString = 4C41474F4F4E000000000006;
			remoteInfo = Lagoon;
		};
		4C41474F4F4E000000000040 /* PBXContainerItemProxy */ = {
			isa = PBXContainerItemProxy;
			containerPortal = 4C41474F4F4E000000000001 /* Project object */;
			proxyType = 1;
			remoteGlobalIDString = 4C41474F4F4E000000000006;
			remoteInfo = Lagoon;
		};
/* End PBXContainerItemProxy section */

/* Begin PBXCopyFilesBuildPhase section */
		4C41474F4F4E000000000028 /* Embed Foundation Extensions */ = {
			isa = PBXCopyFilesBuildPhase;
			buildActionMask = 2147483647;
			dstPath = "";
			dstSubfolderSpec = 13;
			files = (
				4C41474F4F4E000000000023 /* LagoonTopShelf.appex in Embed Foundation Extensions */,
			);
			name = "Embed Foundation Extensions";
			runOnlyForDeploymentPostprocessing = 0;
		};
/* End PBXCopyFilesBuildPhase section */

/* Begin PBXFileReference section */
		4C41474F4F4E000000000004 /* Lagoon.app */ = {isa = PBXFileReference; explicitFileType = wrapper.application; includeInIndex = 0; path = Lagoon.app; sourceTree = BUILT_PRODUCTS_DIR; };
		4C41474F4F4E000000000021 /* ContentProvider.swift */ = {isa = PBXFileReference; lastKnownFileType = sourcecode.swift; path = ContentProvider.swift; sourceTree = "<group>"; };
		4C41474F4F4E000000000024 /* LagoonTopShelf.appex */ = {isa = PBXFileReference; explicitFileType = "wrapper.app-extension"; includeInIndex = 0; path = LagoonTopShelf.appex; sourceTree = BUILT_PRODUCTS_DIR; };
		4C41474F4F4E000000000025 /* Info.plist */ = {isa = PBXFileReference; lastKnownFileType = text.plist.xml; path = Info.plist; sourceTree = "<group>"; };
		4C41474F4F4E000000000026 /* LagoonTopShelf.entitlements */ = {isa = PBXFileReference; lastKnownFileType = text.plist.entitlements; path = LagoonTopShelf.entitlements; sourceTree = "<group>"; };
		4C41474F4F4E000000000030 /* LagoonTests.xctest */ = {isa = PBXFileReference; explicitFileType = wrapper.cfbundle; includeInIndex = 0; path = LagoonTests.xctest; sourceTree = BUILT_PRODUCTS_DIR; };
		4C41474F4F4E000000000041 /* LagoonUITests.xctest */ = {isa = PBXFileReference; explicitFileType = wrapper.cfbundle; includeInIndex = 0; path = LagoonUITests.xctest; sourceTree = BUILT_PRODUCTS_DIR; };
		4C41474F4F4E000000000071 /* PrivacyInfo.xcprivacy */ = {isa = PBXFileReference; lastKnownFileType = text.xml; path = PrivacyInfo.xcprivacy; sourceTree = "<group>"; };
/* End PBXFileReference section */

/* Begin PBXFileSystemSynchronizedRootGroup section */
		4C41474F4F4E000000000005 /* Lagoon */ = {
			isa = PBXFileSystemSynchronizedRootGroup;
			path = Lagoon;
			sourceTree = "<group>";
		};
		4C41474F4F4E000000000031 /* LagoonTests */ = {
			isa = PBXFileSystemSynchronizedRootGroup;
			path = LagoonTests;
			sourceTree = "<group>";
		};
		4C41474F4F4E000000000042 /* LagoonUITests */ = {
			isa = PBXFileSystemSynchronizedRootGroup;
			path = LagoonUITests;
			sourceTree = "<group>";
		};
/* End PBXFileSystemSynchronizedRootGroup section */

/* Begin PBXFrameworksBuildPhase section */
		4C41474F4F4E000000000008 /* Frameworks */ = {
			isa = PBXFrameworksBuildPhase;
			buildActionMask = 2147483647;
			files = (
				4C41474F4F4E000000000012 /* LagoonEngine in Frameworks */,
			);
			runOnlyForDeploymentPostprocessing = 0;
		};
		4C41474F4F4E000000000034 /* Frameworks */ = {
			isa = PBXFrameworksBuildPhase;
			buildActionMask = 2147483647;
			files = (
			);
			runOnlyForDeploymentPostprocessing = 0;
		};
		4C41474F4F4E000000000043 /* Frameworks */ = {
			isa = PBXFrameworksBuildPhase;
			buildActionMask = 2147483647;
			files = (
			);
			runOnlyForDeploymentPostprocessing = 0;
		};
/* End PBXFrameworksBuildPhase section */

/* Begin PBXGroup section */
		4C41474F4F4E000000000002 = {
			isa = PBXGroup;
			children = (
				4C41474F4F4E000000000005 /* Lagoon */,
				4C41474F4F4E000000000031 /* LagoonTests */,
				4C41474F4F4E000000000042 /* LagoonUITests */,
				4C41474F4F4E000000000027 /* LagoonTopShelf */,
				4C41474F4F4E000000000003 /* Products */,
			);
			sourceTree = "<group>";
		};
		4C41474F4F4E000000000003 /* Products */ = {
			isa = PBXGroup;
			children = (
				4C41474F4F4E000000000004 /* Lagoon.app */,
				4C41474F4F4E000000000024 /* LagoonTopShelf.appex */,
				4C41474F4F4E000000000030 /* LagoonTests.xctest */,
				4C41474F4F4E000000000041 /* LagoonUITests.xctest */,
			);
			name = Products;
			sourceTree = "<group>";
		};
		4C41474F4F4E000000000027 /* LagoonTopShelf */ = {
			isa = PBXGroup;
			children = (
				4C41474F4F4E000000000071 /* PrivacyInfo.xcprivacy */,
				4C41474F4F4E000000000021 /* ContentProvider.swift */,
				4C41474F4F4E000000000025 /* Info.plist */,
				4C41474F4F4E000000000026 /* LagoonTopShelf.entitlements */,
			);
			path = LagoonTopShelf;
			sourceTree = "<group>";
		};
/* End PBXGroup section */

/* Begin PBXNativeTarget section */
		4C41474F4F4E000000000006 /* Lagoon */ = {
			isa = PBXNativeTarget;
			buildConfigurationList = 4C41474F4F4E00000000000D /* Build configuration list for PBXNativeTarget "Lagoon" */;
			buildPhases = (
				4C41474F4F4E000000000007 /* Sources */,
				4C41474F4F4E000000000008 /* Frameworks */,
				4C41474F4F4E000000000009 /* Resources */,
				4C41474F4F4E000000000028 /* Embed Foundation Extensions */,
			);
			buildRules = (
			);
			dependencies = (
				4C41474F4F4E00000000002B /* PBXTargetDependency */,
			);
			fileSystemSynchronizedGroups = (
				4C41474F4F4E000000000005 /* Lagoon */,
			);
			name = Lagoon;
			packageProductDependencies = (
				4C41474F4F4E000000000011 /* LagoonEngine */,
			);
			productName = Lagoon;
			productReference = 4C41474F4F4E000000000004 /* Lagoon.app */;
			productType = "com.apple.product-type.application";
		};
		4C41474F4F4E000000000020 /* LagoonTopShelf */ = {
			isa = PBXNativeTarget;
			buildConfigurationList = 4C41474F4F4E00000000002A /* Build configuration list for PBXNativeTarget "LagoonTopShelf" */;
			buildPhases = (
				4C41474F4F4E000000000029 /* Sources */,
				4C41474F4F4E000000000073 /* Resources */,
			);
			buildRules = (
			);
			dependencies = (
			);
			name = LagoonTopShelf;
			productName = LagoonTopShelf;
			productReference = 4C41474F4F4E000000000024 /* LagoonTopShelf.appex */;
			productType = "com.apple.product-type.app-extension";
		};
		4C41474F4F4E000000000032 /* LagoonTests */ = {
			isa = PBXNativeTarget;
			buildConfigurationList = 4C41474F4F4E000000000037 /* Build configuration list for PBXNativeTarget "LagoonTests" */;
			buildPhases = (
				4C41474F4F4E000000000033 /* Sources */,
				4C41474F4F4E000000000034 /* Frameworks */,
			);
			buildRules = (
			);
			dependencies = (
				4C41474F4F4E000000000035 /* PBXTargetDependency */,
			);
			fileSystemSynchronizedGroups = (
				4C41474F4F4E000000000031 /* LagoonTests */,
			);
			name = LagoonTests;
			productName = LagoonTests;
			productReference = 4C41474F4F4E000000000030 /* LagoonTests.xctest */;
			productType = "com.apple.product-type.bundle.unit-test";
		};
		4C41474F4F4E000000000044 /* LagoonUITests */ = {
			isa = PBXNativeTarget;
			buildConfigurationList = 4C41474F4F4E000000000049 /* Build configuration list for PBXNativeTarget "LagoonUITests" */;
			buildPhases = (
				4C41474F4F4E000000000045 /* Sources */,
				4C41474F4F4E000000000043 /* Frameworks */,
			);
			buildRules = (
			);
			dependencies = (
				4C41474F4F4E000000000046 /* PBXTargetDependency */,
			);
			fileSystemSynchronizedGroups = (
				4C41474F4F4E000000000042 /* LagoonUITests */,
			);
			name = LagoonUITests;
			productName = LagoonUITests;
			productReference = 4C41474F4F4E000000000041 /* LagoonUITests.xctest */;
			productType = "com.apple.product-type.bundle.ui-testing";
		};
/* End PBXNativeTarget section */

/* Begin PBXProject section */
		4C41474F4F4E000000000001 /* Project object */ = {
			isa = PBXProject;
			attributes = {
				BuildIndependentTargetsInParallel = 1;
				LastSwiftUpdateCheck = 2660;
				LastUpgradeCheck = 2660;
				TargetAttributes = {
					4C41474F4F4E000000000006 = {
						CreatedOnToolsVersion = 26.6;
					};
					4C41474F4F4E000000000032 = {
						TestTargetID = 4C41474F4F4E000000000006;
					};
					4C41474F4F4E000000000044 = {
						TestTargetID = 4C41474F4F4E000000000006;
					};
				};
			};
			buildConfigurationList = 4C41474F4F4E00000000000A /* Build configuration list for PBXProject "Lagoon" */;
			developmentRegion = en;
			hasScannedForEncodings = 0;
			knownRegions = (
				en,
				Base,
			);
			mainGroup = 4C41474F4F4E000000000002;
			minimizedProjectReferenceProxies = 1;
			packageReferences = (
				4C41474F4F4E000000000010 /* XCLocalSwiftPackageReference "../lagoon-engine" */,
			);
			preferredProjectObjectVersion = 77;
			productRefGroup = 4C41474F4F4E000000000003 /* Products */;
			projectDirPath = "";
			projectRoot = "";
			targets = (
				4C41474F4F4E000000000006 /* Lagoon */,
				4C41474F4F4E000000000032 /* LagoonTests */,
				4C41474F4F4E000000000044 /* LagoonUITests */,
				4C41474F4F4E000000000020 /* LagoonTopShelf */,
			);
		};
/* End PBXProject section */

/* Begin PBXResourcesBuildPhase section */
		4C41474F4F4E000000000009 /* Resources */ = {
			isa = PBXResourcesBuildPhase;
			buildActionMask = 2147483647;
			files = (
			);
			runOnlyForDeploymentPostprocessing = 0;
		};
		4C41474F4F4E000000000073 /* Resources */ = {
			isa = PBXResourcesBuildPhase;
			buildActionMask = 2147483647;
			files = (
				4C41474F4F4E000000000072 /* PrivacyInfo.xcprivacy in Resources */,
			);
			runOnlyForDeploymentPostprocessing = 0;
		};
/* End PBXResourcesBuildPhase section */

/* Begin PBXSourcesBuildPhase section */
		4C41474F4F4E000000000007 /* Sources */ = {
			isa = PBXSourcesBuildPhase;
			buildActionMask = 2147483647;
			files = (
			);
			runOnlyForDeploymentPostprocessing = 0;
		};
		4C41474F4F4E000000000029 /* Sources */ = {
			isa = PBXSourcesBuildPhase;
			buildActionMask = 2147483647;
			files = (
				4C41474F4F4E000000000022 /* ContentProvider.swift in Sources */,
			);
			runOnlyForDeploymentPostprocessing = 0;
		};
		4C41474F4F4E000000000033 /* Sources */ = {
			isa = PBXSourcesBuildPhase;
			buildActionMask = 2147483647;
			files = (
			);
			runOnlyForDeploymentPostprocessing = 0;
		};
		4C41474F4F4E000000000045 /* Sources */ = {
			isa = PBXSourcesBuildPhase;
			buildActionMask = 2147483647;
			files = (
			);
			runOnlyForDeploymentPostprocessing = 0;
		};
/* End PBXSourcesBuildPhase section */

/* Begin PBXTargetDependency section */
		4C41474F4F4E00000000002B /* PBXTargetDependency */ = {
			isa = PBXTargetDependency;
			platformFilters = (
				tvos,
			);
			target = 4C41474F4F4E000000000020 /* LagoonTopShelf */;
			targetProxy = 4C41474F4F4E00000000002C /* PBXContainerItemProxy */;
		};
		4C41474F4F4E000000000035 /* PBXTargetDependency */ = {
			isa = PBXTargetDependency;
			target = 4C41474F4F4E000000000006 /* Lagoon */;
			targetProxy = 4C41474F4F4E000000000036 /* PBXContainerItemProxy */;
		};
		4C41474F4F4E000000000046 /* PBXTargetDependency */ = {
			isa = PBXTargetDependency;
			target = 4C41474F4F4E000000000006 /* Lagoon */;
			targetProxy = 4C41474F4F4E000000000040 /* PBXContainerItemProxy */;
		};
/* End PBXTargetDependency section */

/* Begin XCBuildConfiguration section */
		4C41474F4F4E00000000000B /* Debug */ = {
			isa = XCBuildConfiguration;
			buildSettings = {
				ALWAYS_SEARCH_USER_PATHS = NO;
				ASSETCATALOG_COMPILER_GENERATE_SWIFT_ASSET_SYMBOL_EXTENSIONS = YES;
				CLANG_ANALYZER_NONNULL = YES;
				CLANG_ANALYZER_NUMBER_OBJECT_CONVERSION = YES_AGGRESSIVE;
				CLANG_CXX_LANGUAGE_STANDARD = "gnu++20";
				CLANG_ENABLE_MODULES = YES;
				CLANG_ENABLE_OBJC_ARC = YES;
				CLANG_ENABLE_OBJC_WEAK = YES;
				CLANG_WARN_BLOCK_CAPTURE_AUTORELEASING = YES;
				CLANG_WARN_BOOL_CONVERSION = YES;
				CLANG_WARN_COMMA = YES;
				CLANG_WARN_CONSTANT_CONVERSION = YES;
				CLANG_WARN_DEPRECATED_OBJC_IMPLEMENTATIONS = YES;
				CLANG_WARN_DIRECT_OBJC_ISA_USAGE = YES_ERROR;
				CLANG_WARN_DOCUMENTATION_COMMENTS = YES;
				CLANG_WARN_EMPTY_BODY = YES;
				CLANG_WARN_ENUM_CONVERSION = YES;
				CLANG_WARN_INFINITE_RECURSION = YES;
				CLANG_WARN_INT_CONVERSION = YES;
				CLANG_WARN_NON_LITERAL_NULL_CONVERSION = YES;
				CLANG_WARN_OBJC_IMPLICIT_RETAIN_SELF = YES;
				CLANG_WARN_OBJC_LITERAL_CONVERSION = YES;
				CLANG_WARN_OBJC_ROOT_CLASS = YES_ERROR;
				CLANG_WARN_QUOTED_INCLUDE_IN_FRAMEWORK_HEADER = YES;
				CLANG_WARN_RANGE_LOOP_ANALYSIS = YES;
				CLANG_WARN_STRICT_PROTOTYPES = YES;
				CLANG_WARN_SUSPICIOUS_MOVE = YES;
				CLANG_WARN_UNGUARDED_AVAILABILITY = YES_AGGRESSIVE;
				CLANG_WARN_UNREACHABLE_CODE = YES;
				CLANG_WARN__DUPLICATE_METHOD_MATCH = YES;
				COPY_PHASE_STRIP = NO;
				CURRENT_PROJECT_VERSION = 107;
				DEBUG_INFORMATION_FORMAT = dwarf;
				ENABLE_STRICT_OBJC_MSGSEND = YES;
				ENABLE_TESTABILITY = YES;
				ENABLE_USER_SCRIPT_SANDBOXING = YES;
				"EXCLUDED_ARCHS[sdk=appletvsimulator*]" = x86_64;
				GCC_C_LANGUAGE_STANDARD = gnu17;
				GCC_DYNAMIC_NO_PIC = NO;
				GCC_NO_COMMON_BLOCKS = YES;
				GCC_OPTIMIZATION_LEVEL = 0;
				GCC_PREPROCESSOR_DEFINITIONS = (
					"DEBUG=1",
					"$(inherited)",
				);
				GCC_WARN_64_TO_32_BIT_CONVERSION = YES;
				GCC_WARN_ABOUT_RETURN_TYPE = YES_ERROR;
				GCC_WARN_UNDECLARED_SELECTOR = YES;
				GCC_WARN_UNINITIALIZED_AUTOS = YES_AGGRESSIVE;
				GCC_WARN_UNUSED_FUNCTION = YES;
				GCC_WARN_UNUSED_VARIABLE = YES;
				LOCALIZATION_PREFERS_STRING_CATALOGS = YES;
				MARKETING_VERSION = 0.2.0;
				MTL_ENABLE_DEBUG_INFO = INCLUDE_SOURCE;
				MTL_FAST_MATH = YES;
				ONLY_ACTIVE_ARCH = YES;
				SWIFT_ACTIVE_COMPILATION_CONDITIONS = "DEBUG $(inherited)";
				SWIFT_OPTIMIZATION_LEVEL = "-Onone";
			};
			name = Debug;
		};
		4C41474F4F4E00000000000C /* Release */ = {
			isa = XCBuildConfiguration;
			buildSettings = {
				ALWAYS_SEARCH_USER_PATHS = NO;
				ASSETCATALOG_COMPILER_GENERATE_SWIFT_ASSET_SYMBOL_EXTENSIONS = YES;
				CLANG_ANALYZER_NONNULL = YES;
				CLANG_ANALYZER_NUMBER_OBJECT_CONVERSION = YES_AGGRESSIVE;
				CLANG_COVERAGE_MAPPING = NO;
				CLANG_COVERAGE_MAPPING_LINKER_ARGS = NO;
				CLANG_CXX_LANGUAGE_STANDARD = "gnu++20";
				CLANG_ENABLE_CODE_COVERAGE = NO;
				CLANG_ENABLE_MODULES = YES;
				CLANG_ENABLE_OBJC_ARC = YES;
				CLANG_ENABLE_OBJC_WEAK = YES;
				CLANG_WARN_BLOCK_CAPTURE_AUTORELEASING = YES;
				CLANG_WARN_BOOL_CONVERSION = YES;
				CLANG_WARN_COMMA = YES;
				CLANG_WARN_CONSTANT_CONVERSION = YES;
				CLANG_WARN_DEPRECATED_OBJC_IMPLEMENTATIONS = YES;
				CLANG_WARN_DIRECT_OBJC_ISA_USAGE = YES_ERROR;
				CLANG_WARN_DOCUMENTATION_COMMENTS = YES;
				CLANG_WARN_EMPTY_BODY = YES;
				CLANG_WARN_ENUM_CONVERSION = YES;
				CLANG_WARN_INFINITE_RECURSION = YES;
				CLANG_WARN_INT_CONVERSION = YES;
				CLANG_WARN_NON_LITERAL_NULL_CONVERSION = YES;
				CLANG_WARN_OBJC_IMPLICIT_RETAIN_SELF = YES;
				CLANG_WARN_OBJC_LITERAL_CONVERSION = YES;
				CLANG_WARN_OBJC_ROOT_CLASS = YES_ERROR;
				CLANG_WARN_QUOTED_INCLUDE_IN_FRAMEWORK_HEADER = YES;
				CLANG_WARN_RANGE_LOOP_ANALYSIS = YES;
				CLANG_WARN_STRICT_PROTOTYPES = YES;
				CLANG_WARN_SUSPICIOUS_MOVE = YES;
				CLANG_WARN_UNGUARDED_AVAILABILITY = YES_AGGRESSIVE;
				CLANG_WARN_UNREACHABLE_CODE = YES;
				CLANG_WARN__DUPLICATE_METHOD_MATCH = YES;
				COPY_PHASE_STRIP = NO;
				CURRENT_PROJECT_VERSION = 107;
				DEBUG_INFORMATION_FORMAT = "dwarf-with-dsym";
				ENABLE_CODE_COVERAGE = NO;
				ENABLE_NS_ASSERTIONS = NO;
				ENABLE_STRICT_OBJC_MSGSEND = YES;
				ENABLE_USER_SCRIPT_SANDBOXING = YES;
				"EXCLUDED_ARCHS[sdk=appletvsimulator*]" = x86_64;
				GCC_C_LANGUAGE_STANDARD = gnu17;
				GCC_NO_COMMON_BLOCKS = YES;
				GCC_WARN_64_TO_32_BIT_CONVERSION = YES;
				GCC_WARN_ABOUT_RETURN_TYPE = YES_ERROR;
				GCC_WARN_UNDECLARED_SELECTOR = YES;
				GCC_WARN_UNINITIALIZED_AUTOS = YES_AGGRESSIVE;
				GCC_WARN_UNUSED_FUNCTION = YES;
				GCC_WARN_UNUSED_VARIABLE = YES;
				LOCALIZATION_PREFERS_STRING_CATALOGS = YES;
				MARKETING_VERSION = 0.2.0;
				MTL_ENABLE_DEBUG_INFO = NO;
				MTL_FAST_MATH = YES;
				SWIFT_COMPILATION_MODE = wholemodule;
				VALIDATE_PRODUCT = YES;
			};
			name = Release;
		};
		4C41474F4F4E00000000000E /* Debug */ = {
			isa = XCBuildConfiguration;
			buildSettings = {
				ALLOW_TARGET_PLATFORM_SPECIALIZATION = YES;
				ASSETCATALOG_COMPILER_APPICON_NAME = AppIcon;
				"ASSETCATALOG_COMPILER_APPICON_NAME[sdk=appletvos*]" = "App Icon & Top Shelf Image";
				"ASSETCATALOG_COMPILER_APPICON_NAME[sdk=appletvsimulator*]" = "App Icon & Top Shelf Image";
				ASSETCATALOG_COMPILER_GLOBAL_ACCENT_COLOR_NAME = AccentColor;
				CODE_SIGN_ENTITLEMENTS = Lagoon.entitlements;
				CODE_SIGN_IDENTITY = "Apple Development";
				CODE_SIGN_STYLE = Automatic;
				DEVELOPMENT_TEAM = 9GLTW5844P;
				ENABLE_PREVIEWS = YES;
				GENERATE_INFOPLIST_FILE = YES;
				INFOPLIST_FILE = LagoonInfo.plist;
				INFOPLIST_KEY_ITSAppUsesNonExemptEncryption = NO;
				INFOPLIST_KEY_UIApplicationSceneManifest_Generation = YES;
				INFOPLIST_KEY_UIApplicationSupportsIndirectInputEvents = YES;
				INFOPLIST_KEY_UILaunchScreen_Generation = YES;
				INFOPLIST_KEY_UISupportedInterfaceOrientations_iPad = "UIInterfaceOrientationPortrait UIInterfaceOrientationPortraitUpsideDown UIInterfaceOrientationLandscapeLeft UIInterfaceOrientationLandscapeRight";
				INFOPLIST_KEY_UISupportedInterfaceOrientations_iPhone = "UIInterfaceOrientationPortrait UIInterfaceOrientationLandscapeLeft UIInterfaceOrientationLandscapeRight";
				IPHONEOS_DEPLOYMENT_TARGET = 26.0;
				LAGOON_SENTRY_DSN = "";
				LD_RUNPATH_SEARCH_PATHS = (
					"$(inherited)",
					"@executable_path/Frameworks",
				);
				PRODUCT_BUNDLE_IDENTIFIER = ee.helop.lagoon;
				PRODUCT_NAME = "$(TARGET_NAME)";
				PROVISIONING_PROFILE_SPECIFIER = "";
				SDKROOT = auto;
				STRING_CATALOG_GENERATE_SYMBOLS = YES;
				SUPPORTED_PLATFORMS = "appletvos appletvsimulator iphoneos iphonesimulator";
				SUPPORTS_MACCATALYST = NO;
				SUPPORTS_MAC_DESIGNED_FOR_IPHONE_IPAD = NO;
				SUPPORTS_XR_DESIGNED_FOR_IPHONE_IPAD = NO;
				SWIFT_APPROACHABLE_CONCURRENCY = YES;
				SWIFT_DEFAULT_ACTOR_ISOLATION = MainActor;
				SWIFT_EMIT_LOC_STRINGS = YES;
				SWIFT_UPCOMING_FEATURE_MEMBER_IMPORT_VISIBILITY = YES;
				SWIFT_VERSION = 5.0;
				TARGETED_DEVICE_FAMILY = "1,2,3";
				TVOS_DEPLOYMENT_TARGET = 26.0;
			};
			name = Debug;
		};
		4C41474F4F4E00000000000F /* Release */ = {
			isa = XCBuildConfiguration;
			buildSettings = {
				ALLOW_TARGET_PLATFORM_SPECIALIZATION = YES;
				ASSETCATALOG_COMPILER_APPICON_NAME = AppIcon;
				"ASSETCATALOG_COMPILER_APPICON_NAME[sdk=appletvos*]" = "App Icon & Top Shelf Image";
				"ASSETCATALOG_COMPILER_APPICON_NAME[sdk=appletvsimulator*]" = "App Icon & Top Shelf Image";
				ASSETCATALOG_COMPILER_GLOBAL_ACCENT_COLOR_NAME = AccentColor;
				CLANG_COVERAGE_MAPPING = NO;
				CLANG_COVERAGE_MAPPING_LINKER_ARGS = NO;
				CLANG_ENABLE_CODE_COVERAGE = NO;
				CODE_SIGN_ENTITLEMENTS = Lagoon.entitlements;
				CODE_SIGN_IDENTITY = "Apple Development";
				CODE_SIGN_STYLE = Automatic;
				DEVELOPMENT_TEAM = 9GLTW5844P;
				ENABLE_CODE_COVERAGE = NO;
				ENABLE_PREVIEWS = YES;
				GENERATE_INFOPLIST_FILE = YES;
				INFOPLIST_FILE = LagoonInfo.plist;
				INFOPLIST_KEY_ITSAppUsesNonExemptEncryption = NO;
				INFOPLIST_KEY_UIApplicationSceneManifest_Generation = YES;
				INFOPLIST_KEY_UIApplicationSupportsIndirectInputEvents = YES;
				INFOPLIST_KEY_UILaunchScreen_Generation = YES;
				INFOPLIST_KEY_UISupportedInterfaceOrientations_iPad = "UIInterfaceOrientationPortrait UIInterfaceOrientationPortraitUpsideDown UIInterfaceOrientationLandscapeLeft UIInterfaceOrientationLandscapeRight";
				INFOPLIST_KEY_UISupportedInterfaceOrientations_iPhone = "UIInterfaceOrientationPortrait UIInterfaceOrientationLandscapeLeft UIInterfaceOrientationLandscapeRight";
				IPHONEOS_DEPLOYMENT_TARGET = 26.0;
				LAGOON_SENTRY_DSN = "";
				LD_RUNPATH_SEARCH_PATHS = (
					"$(inherited)",
					"@executable_path/Frameworks",
				);
				PRODUCT_BUNDLE_IDENTIFIER = ee.helop.lagoon;
				PRODUCT_NAME = "$(TARGET_NAME)";
				PROVISIONING_PROFILE_SPECIFIER = "";
				SDKROOT = auto;
				STRING_CATALOG_GENERATE_SYMBOLS = YES;
				SUPPORTED_PLATFORMS = "appletvos appletvsimulator iphoneos iphonesimulator";
				SUPPORTS_MACCATALYST = NO;
				SUPPORTS_MAC_DESIGNED_FOR_IPHONE_IPAD = NO;
				SUPPORTS_XR_DESIGNED_FOR_IPHONE_IPAD = NO;
				SWIFT_APPROACHABLE_CONCURRENCY = YES;
				SWIFT_DEFAULT_ACTOR_ISOLATION = MainActor;
				SWIFT_EMIT_LOC_STRINGS = YES;
				SWIFT_UPCOMING_FEATURE_MEMBER_IMPORT_VISIBILITY = YES;
				SWIFT_VERSION = 5.0;
				TARGETED_DEVICE_FAMILY = "1,2,3";
				TVOS_DEPLOYMENT_TARGET = 26.0;
			};
			name = Release;
		};
		4C41474F4F4E00000000002D /* Debug */ = {
			isa = XCBuildConfiguration;
			buildSettings = {
				CODE_SIGN_ENTITLEMENTS = LagoonTopShelf/LagoonTopShelf.entitlements;
				CODE_SIGN_STYLE = Automatic;
				DEVELOPMENT_TEAM = 9GLTW5844P;
				GENERATE_INFOPLIST_FILE = YES;
				INFOPLIST_FILE = LagoonTopShelf/Info.plist;
				INFOPLIST_KEY_CFBundleDisplayName = "Lagoon Top Shelf";
				LD_RUNPATH_SEARCH_PATHS = (
					"$(inherited)",
					"@executable_path/Frameworks",
					"@executable_path/../../Frameworks",
				);
				OTHER_LDFLAGS = (
					"-framework",
					TVServices,
				);
				PRODUCT_BUNDLE_IDENTIFIER = ee.helop.lagoon.topshelf;
				PRODUCT_NAME = "$(TARGET_NAME)";
				SDKROOT = appletvos;
				SKIP_INSTALL = YES;
				SUPPORTED_PLATFORMS = "appletvos appletvsimulator";
				SWIFT_EMIT_LOC_STRINGS = YES;
				SWIFT_VERSION = 5.0;
				TARGETED_DEVICE_FAMILY = 3;
				TVOS_DEPLOYMENT_TARGET = 26.0;
			};
			name = Debug;
		};
		4C41474F4F4E00000000002E /* Release */ = {
			isa = XCBuildConfiguration;
			buildSettings = {
				CLANG_COVERAGE_MAPPING_LINKER_ARGS = NO;
				CLANG_ENABLE_CODE_COVERAGE = NO;
				CODE_SIGN_ENTITLEMENTS = LagoonTopShelf/LagoonTopShelf.entitlements;
				CODE_SIGN_STYLE = Automatic;
				DEVELOPMENT_TEAM = 9GLTW5844P;
				ENABLE_CODE_COVERAGE = NO;
				GENERATE_INFOPLIST_FILE = YES;
				INFOPLIST_FILE = LagoonTopShelf/Info.plist;
				INFOPLIST_KEY_CFBundleDisplayName = "Lagoon Top Shelf";
				LD_RUNPATH_SEARCH_PATHS = (
					"$(inherited)",
					"@executable_path/Frameworks",
					"@executable_path/../../Frameworks",
				);
				OTHER_LDFLAGS = (
					"-framework",
					TVServices,
				);
				PRODUCT_BUNDLE_IDENTIFIER = ee.helop.lagoon.topshelf;
				PRODUCT_NAME = "$(TARGET_NAME)";
				SDKROOT = appletvos;
				SKIP_INSTALL = YES;
				SUPPORTED_PLATFORMS = "appletvos appletvsimulator";
				SWIFT_COMPILATION_MODE = wholemodule;
				SWIFT_EMIT_LOC_STRINGS = YES;
				SWIFT_VERSION = 5.0;
				TARGETED_DEVICE_FAMILY = 3;
				TVOS_DEPLOYMENT_TARGET = 26.0;
			};
			name = Release;
		};
		4C41474F4F4E000000000038 /* Debug */ = {
			isa = XCBuildConfiguration;
			buildSettings = {
				ALLOW_TARGET_PLATFORM_SPECIALIZATION = YES;
				BUNDLE_LOADER = "$(TEST_HOST)";
				CODE_SIGN_STYLE = Automatic;
				DEVELOPMENT_TEAM = 9GLTW5844P;
				GENERATE_INFOPLIST_FILE = YES;
				IPHONEOS_DEPLOYMENT_TARGET = 26.0;
				PRODUCT_BUNDLE_IDENTIFIER = ee.helop.lagoon.tests;
				PRODUCT_NAME = "$(TARGET_NAME)";
				SDKROOT = auto;
				SUPPORTED_PLATFORMS = "appletvos appletvsimulator iphoneos iphonesimulator";
				SWIFT_APPROACHABLE_CONCURRENCY = YES;
				SWIFT_DEFAULT_ACTOR_ISOLATION = MainActor;
				SWIFT_EMIT_LOC_STRINGS = NO;
				SWIFT_VERSION = 5.0;
				TARGETED_DEVICE_FAMILY = "1,2,3";
				TEST_HOST = "$(BUILT_PRODUCTS_DIR)/Lagoon.app/Lagoon";
				TVOS_DEPLOYMENT_TARGET = 26.0;
			};
			name = Debug;
		};
		4C41474F4F4E000000000039 /* Release */ = {
			isa = XCBuildConfiguration;
			buildSettings = {
				ALLOW_TARGET_PLATFORM_SPECIALIZATION = YES;
				BUNDLE_LOADER = "$(TEST_HOST)";
				CODE_SIGN_STYLE = Automatic;
				DEVELOPMENT_TEAM = 9GLTW5844P;
				GENERATE_INFOPLIST_FILE = YES;
				IPHONEOS_DEPLOYMENT_TARGET = 26.0;
				PRODUCT_BUNDLE_IDENTIFIER = ee.helop.lagoon.tests;
				PRODUCT_NAME = "$(TARGET_NAME)";
				SDKROOT = auto;
				SUPPORTED_PLATFORMS = "appletvos appletvsimulator iphoneos iphonesimulator";
				SWIFT_APPROACHABLE_CONCURRENCY = YES;
				SWIFT_COMPILATION_MODE = wholemodule;
				SWIFT_DEFAULT_ACTOR_ISOLATION = MainActor;
				SWIFT_EMIT_LOC_STRINGS = NO;
				SWIFT_VERSION = 5.0;
				TARGETED_DEVICE_FAMILY = "1,2,3";
				TEST_HOST = "$(BUILT_PRODUCTS_DIR)/Lagoon.app/Lagoon";
				TVOS_DEPLOYMENT_TARGET = 26.0;
			};
			name = Release;
		};
		4C41474F4F4E000000000047 /* Debug */ = {
			isa = XCBuildConfiguration;
			buildSettings = {
				ALLOW_TARGET_PLATFORM_SPECIALIZATION = YES;
				CODE_SIGN_STYLE = Automatic;
				DEVELOPMENT_TEAM = 9GLTW5844P;
				GENERATE_INFOPLIST_FILE = YES;
				IPHONEOS_DEPLOYMENT_TARGET = 26.0;
				PRODUCT_BUNDLE_IDENTIFIER = ee.helop.lagoon.uitests;
				PRODUCT_NAME = "$(TARGET_NAME)";
				SDKROOT = auto;
				SUPPORTED_PLATFORMS = "appletvos appletvsimulator iphoneos iphonesimulator";
				SWIFT_APPROACHABLE_CONCURRENCY = YES;
				SWIFT_DEFAULT_ACTOR_ISOLATION = MainActor;
				SWIFT_EMIT_LOC_STRINGS = NO;
				SWIFT_VERSION = 5.0;
				TARGETED_DEVICE_FAMILY = "1,2,3";
				TEST_TARGET_NAME = Lagoon;
				TVOS_DEPLOYMENT_TARGET = 26.0;
			};
			name = Debug;
		};
		4C41474F4F4E000000000048 /* Release */ = {
			isa = XCBuildConfiguration;
			buildSettings = {
				ALLOW_TARGET_PLATFORM_SPECIALIZATION = YES;
				CODE_SIGN_STYLE = Automatic;
				DEVELOPMENT_TEAM = 9GLTW5844P;
				GENERATE_INFOPLIST_FILE = YES;
				IPHONEOS_DEPLOYMENT_TARGET = 26.0;
				PRODUCT_BUNDLE_IDENTIFIER = ee.helop.lagoon.uitests;
				PRODUCT_NAME = "$(TARGET_NAME)";
				SDKROOT = auto;
				SUPPORTED_PLATFORMS = "appletvos appletvsimulator iphoneos iphonesimulator";
				SWIFT_APPROACHABLE_CONCURRENCY = YES;
				SWIFT_COMPILATION_MODE = wholemodule;
				SWIFT_DEFAULT_ACTOR_ISOLATION = MainActor;
				SWIFT_EMIT_LOC_STRINGS = NO;
				SWIFT_VERSION = 5.0;
				TARGETED_DEVICE_FAMILY = "1,2,3";
				TEST_TARGET_NAME = Lagoon;
				TVOS_DEPLOYMENT_TARGET = 26.0;
			};
			name = Release;
		};
/* End XCBuildConfiguration section */

/* Begin XCConfigurationList section */
		4C41474F4F4E00000000000A /* Build configuration list for PBXProject "Lagoon" */ = {
			isa = XCConfigurationList;
			buildConfigurations = (
				4C41474F4F4E00000000000B /* Debug */,
				4C41474F4F4E00000000000C /* Release */,
			);
			defaultConfigurationIsVisible = 0;
			defaultConfigurationName = Release;
		};
		4C41474F4F4E00000000000D /* Build configuration list for PBXNativeTarget "Lagoon" */ = {
			isa = XCConfigurationList;
			buildConfigurations = (
				4C41474F4F4E00000000000E /* Debug */,
				4C41474F4F4E00000000000F /* Release */,
			);
			defaultConfigurationIsVisible = 0;
			defaultConfigurationName = Release;
		};
		4C41474F4F4E00000000002A /* Build configuration list for PBXNativeTarget "LagoonTopShelf" */ = {
			isa = XCConfigurationList;
			buildConfigurations = (
				4C41474F4F4E00000000002D /* Debug */,
				4C41474F4F4E00000000002E /* Release */,
			);
			defaultConfigurationIsVisible = 0;
			defaultConfigurationName = Release;
		};
		4C41474F4F4E000000000037 /* Build configuration list for PBXNativeTarget "LagoonTests" */ = {
			isa = XCConfigurationList;
			buildConfigurations = (
				4C41474F4F4E000000000038 /* Debug */,
				4C41474F4F4E000000000039 /* Release */,
			);
			defaultConfigurationIsVisible = 0;
			defaultConfigurationName = Release;
		};
		4C41474F4F4E000000000049 /* Build configuration list for PBXNativeTarget "LagoonUITests" */ = {
			isa = XCConfigurationList;
			buildConfigurations = (
				4C41474F4F4E000000000047 /* Debug */,
				4C41474F4F4E000000000048 /* Release */,
			);
			defaultConfigurationIsVisible = 0;
			defaultConfigurationName = Release;
		};
/* End XCConfigurationList section */

/* Begin XCLocalSwiftPackageReference section */
		4C41474F4F4E000000000010 /* XCLocalSwiftPackageReference "../lagoon-engine" */ = {
			isa = XCLocalSwiftPackageReference;
			relativePath = ../lagoon-engine;
		};
/* End XCLocalSwiftPackageReference section */

/* Begin XCSwiftPackageProductDependency section */
		4C41474F4F4E000000000011 /* LagoonEngine */ = {
			isa = XCSwiftPackageProductDependency;
			productName = LagoonEngine;
		};
/* End XCSwiftPackageProductDependency section */
	};
	rootObject = 4C41474F4F4E000000000001 /* Project object */;
}
