{
  "originHash" : "b1fe203efa1b6c475cb592018bc49f7ef6f00d3e802e0e601e92e19c65429168",
  "pins" : [
    {
      "identity" : "lagoon-engine",
      "kind" : "remoteSourceControl",
      "location" : "git@github.com:helop-ou/lagoon-engine.git",
      "state" : {
        "revision" : "24814e27e1ba1ece0a9d2a723aa22857cfb0a14b",
        "version" : "1.0.4"
      }
    }
  ],
  "version" : 3
}
