{
  "originHash" : "b1fe203efa1b6c475cb592018bc49f7ef6f00d3e802e0e601e92e19c65429168",
  "pins" : [
    {
      "identity" : "lagoon-engine",
      "kind" : "remoteSourceControl",
      "location" : "git@github.com:helop-ou/lagoon-engine.git",
      "state" : {
        "revision" : "1139a29df6e6f3b0c76d1db6124c816d99d0d010",
        "version" : "1.0.3"
      }
    }
  ],
  "version" : 3
}
