{
  "originHash" : "7a4db165c32ac95e52e5164b4ded7eecacdcf25f0aea288701bb26e107cdd53a",
  "pins" : [
    {
      "identity" : "lagoon-engine",
      "kind" : "remoteSourceControl",
      "location" : "https://github.com/helop-ou/lagoon-engine.git",
      "state" : {
        "revision" : "143b047e09587a129b292fc3399e86fffb1a29b3",
        "version" : "1.0.11"
      }
    }
  ],
  "version" : 3
}
